// !$*UTF8*$!
{
	archiveVersion = 1;
	classes = {
	};
	objectVersion = 46;
	objects = {

/* Begin PBXBuildFile section */
		561AD42B1F698985006A350A /* AppDelegate.swift in Sources */ = {isa = PBXBuildFile; fileRef = 561AD42A1F698985006A350A /* AppDelegate.swift */; };
		561AD42D1F698985006A350A /* ViewController.swift in Sources */ = {isa = PBXBuildFile; fileRef = 561AD42C1F698985006A350A /* ViewController.swift */; };
		561AD4301F698985006A350A /* Main.storyboard in Resources */ = {isa = PBXBuildFile; fileRef = 561AD42E1F698985006A350A /* Main.storyboard */; };
		561AD4321F698985006A350A /* Assets.xcassets in Resources */ = {isa = PBXBuildFile; fileRef = 561AD4311F698985006A350A /* Assets.xcassets */; };
		561AD4351F698985006A350A /* LaunchScreen.storyboard in Resources */ = {isa = PBXBuildFile; fileRef = 561AD4331F698985006A350A /* LaunchScreen.storyboard */; };
		561AD4401F698985006A350A /* DemoProjectTests.swift in Sources */ = {isa = PBXBuildFile; fileRef = 561AD43F1F698985006A350A /* DemoProjectTests.swift */; };
		561AD44B1F698985006A350A /* DemoProjectUITests.swift in Sources */ = {isa = PBXBuildFile; fileRef = 561AD44A1F698985006A350A /* DemoProjectUITests.swift */; };
		561AD4591F698EBC006A350A /* MainCell.swift in Sources */ = {isa = PBXBuildFile; fileRef = 561AD4581F698EBC006A350A /* MainCell.swift */; };
		561AD45B1F699078006A350A /* MainCollectionCell.swift in Sources */ = {isa = PBXBuildFile; fileRef = 561AD45A1F699078006A350A /* MainCollectionCell.swift */; };
		561AD45D1F699D90006A350A /* CommonMethod.swift in Sources */ = {isa = PBXBuildFile; fileRef = 561AD45C1F699D90006A350A /* CommonMethod.swift */; };
/* End PBXBuildFile section */

/* Begin PBXContainerItemProxy section */
		561AD43C1F698985006A350A /* PBXContainerItemProxy */ = {
			isa = PBXContainerItemProxy;
			containerPortal = 561AD41F1F698985006A350A /* Project object */;
			proxyType = 1;
			remoteGlobalIDString = 561AD4261F698985006A350A;
			remoteInfo = DemoProject;
		};
		561AD4471F698985006A350A /* PBXContainerItemProxy */ = {
			isa = PBXContainerItemProxy;
			containerPortal = 561AD41F1F698985006A350A /* Project object */;
			proxyType = 1;
			remoteGlobalIDString = 561AD4261F698985006A350A;
			remoteInfo = DemoProject;
		};
/* End PBXContainerItemProxy section */

/* Begin PBXFileReference section */
		561AD4271F698985006A350A /* DemoProject.app */ = {isa = PBXFileReference; explicitFileType = wrapper.application; includeInIndex = 0; path = DemoProject.app; sourceTree = BUILT_PRODUCTS_DIR; };
		561AD42A1F698985006A350A /* AppDelegate.swift */ = {isa = PBXFileReference; lastKnownFileType = sourcecode.swift; path = AppDelegate.swift; sourceTree = "<group>"; };
		561AD42C1F698985006A350A /* ViewController.swift */ = {isa = PBXFileReference; lastKnownFileType = sourcecode.swift; path = ViewController.swift; sourceTree = "<group>"; };
		561AD42F1F698985006A350A /* Base */ = {isa = PBXFileReference; lastKnownFileType = file.storyboard; name = Base; path = Base.lproj/Main.storyboard; sourceTree = "<group>"; };
		561AD4311F698985006A350A /* Assets.xcassets */ = {isa = PBXFileReference; lastKnownFileType = folder.assetcatalog; path = Assets.xcassets; sourceTree = "<group>"; };
		561AD4341F698985006A350A /* Base */ = {isa = PBXFileReference; lastKnownFileType = file.storyboard; name = Base; path = Base.lproj/LaunchScreen.storyboard; sourceTree = "<group>"; };
		561AD4361F698985006A350A /* Info.plist */ = {isa = PBXFileReference; lastKnownFileType = text.plist.xml; path = Info.plist; sourceTree = "<group>"; };
		561AD43B1F698985006A350A /* DemoProjectTests.xctest */ = {isa = PBXFileReference; explicitFileType = wrapper.cfbundle; includeInIndex = 0; path = DemoProjectTests.xctest; sourceTree = BUILT_PRODUCTS_DIR; };
		561AD43F1F698985006A350A /* DemoProjectTests.swift */ = {isa = PBXFileReference; lastKnownFileType = sourcecode.swift; path = DemoProjectTests.swift; sourceTree = "<group>"; };
		561AD4411F698985006A350A /* Info.plist */ = {isa = PBXFileReference; lastKnownFileType = text.plist.xml; path = Info.plist; sourceTree = "<group>"; };
		561AD4461F698985006A350A /* DemoProjectUITests.xctest */ = {isa = PBXFileReference; explicitFileType = wrapper.cfbundle; includeInIndex = 0; path = DemoProjectUITests.xctest; sourceTree = BUILT_PRODUCTS_DIR; };
		561AD44A1F698985006A350A /* DemoProjectUITests.swift */ = {isa = PBXFileReference; lastKnownFileType = sourcecode.swift; path = DemoProjectUITests.swift; sourceTree = "<group>"; };
		561AD44C1F698985006A350A /* Info.plist */ = {isa = PBXFileReference; lastKnownFileType = text.plist.xml; path = Info.plist; sourceTree = "<group>"; };
		561AD4581F698EBC006A350A /* MainCell.swift */ = {isa = PBXFileReference; fileEncoding = 4; lastKnownFileType = sourcecode.swift; path = MainCell.swift; sourceTree = "<group>"; };
		561AD45A1F699078006A350A /* MainCollectionCell.swift */ = {isa = PBXFileReference; fileEncoding = 4; lastKnownFileType = sourcecode.swift; path = MainCollectionCell.swift; sourceTree = "<group>"; };
		561AD45C1F699D90006A350A /* CommonMethod.swift */ = {isa = PBXFileReference; fileEncoding = 4; lastKnownFileType = sourcecode.swift; path = CommonMethod.swift; sourceTree = "<group>"; };
/* End PBXFileReference section */

/* Begin PBXFrameworksBuildPhase section */
		561AD4241F698985006A350A /* Frameworks */ = {
			isa = PBXFrameworksBuildPhase;
			buildActionMask = 2147483647;
			files = (
			);
			runOnlyForDeploymentPostprocessing = 0;
		};
		561AD4381F698985006A350A /* Frameworks */ = {
			isa = PBXFrameworksBuildPhase;
			buildActionMask = 2147483647;
			files = (
			);
			runOnlyForDeploymentPostprocessing = 0;
		};
		561AD4431F698985006A350A /* Frameworks */ = {
			isa = PBXFrameworksBuildPhase;
			buildActionMask = 2147483647;
			files = (
			);
			runOnlyForDeploymentPostprocessing = 0;
		};
/* End PBXFrameworksBuildPhase section */

/* Begin PBXGroup section */
		561AD41E1F698985006A350A = {
			isa = PBXGroup;
			children = (
				561AD4291F698985006A350A /* DemoProject */,
				561AD43E1F698985006A350A /* DemoProjectTests */,
				561AD4491F698985006A350A /* DemoProjectUITests */,
				561AD4281F698985006A350A /* Products */,
			);
			sourceTree = "<group>";
		};
		561AD4281F698985006A350A /* Products */ = {
			isa = PBXGroup;
			children = (
				561AD4271F698985006A350A /* DemoProject.app */,
				561AD43B1F698985006A350A /* DemoProjectTests.xctest */,
				561AD4461F698985006A350A /* DemoProjectUITests.xctest */,
			);
			name = Products;
			sourceTree = "<group>";
		};
		561AD4291F698985006A350A /* DemoProject */ = {
			isa = PBXGroup;
			children = (
				561AD45C1F699D90006A350A /* CommonMethod.swift */,
				561AD42A1F698985006A350A /* AppDelegate.swift */,
				561AD42C1F698985006A350A /* ViewController.swift */,
				561AD4581F698EBC006A350A /* MainCell.swift */,
				561AD45A1F699078006A350A /* MainCollectionCell.swift */,
				561AD42E1F698985006A350A /* Main.storyboard */,
				561AD4311F698985006A350A /* Assets.xcassets */,
				561AD4331F698985006A350A /* LaunchScreen.storyboard */,
				561AD4361F698985006A350A /* Info.plist */,
			);
			path = DemoProject;
			sourceTree = "<group>";
		};
		561AD43E1F698985006A350A /* DemoProjectTests */ = {
			isa = PBXGroup;
			children = (
				561AD43F1F698985006A350A /* DemoProjectTests.swift */,
				561AD4411F698985006A350A /* Info.plist */,
			);
			path = DemoProjectTests;
			sourceTree = "<group>";
		};
		561AD4491F698985006A350A /* DemoProjectUITests */ = {
			isa = PBXGroup;
			children = (
				561AD44A1F698985006A350A /* DemoProjectUITests.swift */,
				561AD44C1F698985006A350A /* Info.plist */,
			);
			path = DemoProjectUITests;
			sourceTree = "<group>";
		};
/* End PBXGroup section */

/* Begin PBXNativeTarget section */
		561AD4261F698985006A350A /* DemoProject */ = {
			isa = PBXNativeTarget;
			buildConfigurationList = 561AD44F1F698985006A350A /* Build configuration list for PBXNativeTarget "DemoProject" */;
			buildPhases = (
				561AD4231F698985006A350A /* Sources */,
				561AD4241F698985006A350A /* Frameworks */,
				561AD4251F698985006A350A /* Resources */,
			);
			buildRules = (
			);
			dependencies = (
			);
			name = DemoProject;
			productName = DemoProject;
			productReference = 561AD4271F698985006A350A /* DemoProject.app */;
			productType = "com.apple.product-type.application";
		};
		561AD43A1F698985006A350A /* DemoProjectTests */ = {
			isa = PBXNativeTarget;
			buildConfigurationList = 561AD4521F698985006A350A /* Build configuration list for PBXNativeTarget "DemoProjectTests" */;
			buildPhases = (
				561AD4371F698985006A350A /* Sources */,
				561AD4381F698985006A350A /* Frameworks */,
				561AD4391F698985006A350A /* Resources */,
			);
			buildRules = (
			);
			dependencies = (
				561AD43D1F698985006A350A /* PBXTargetDependency */,
			);
			name = DemoProjectTests;
			productName = DemoProjectTests;
			productReference = 561AD43B1F698985006A350A /* DemoProjectTests.xctest */;
			productType = "com.apple.product-type.bundle.unit-test";
		};
		561AD4451F698985006A350A /* DemoProjectUITests */ = {
			isa = PBXNativeTarget;
			buildConfigurationList = 561AD4551F698985006A350A /* Build configuration list for PBXNativeTarget "DemoProjectUITests" */;
			buildPhases = (
				561AD4421F698985006A350A /* Sources */,
				561AD4431F698985006A350A /* Frameworks */,
				561AD4441F698985006A350A /* Resources */,
			);
			buildRules = (
			);
			dependencies = (
				561AD4481F698985006A350A /* PBXTargetDependency */,
			);
			name = DemoProjectUITests;
			productName = DemoProjectUITests;
			productReference = 561AD4461F698985006A350A /* DemoProjectUITests.xctest */;
			productType = "com.apple.product-type.bundle.ui-testing";
		};
/* End PBXNativeTarget section */

/* Begin PBXProject section */
		561AD41F1F698985006A350A /* Project object */ = {
			isa = PBXProject;
			attributes = {
				LastSwiftUpdateCheck = 0830;
				LastUpgradeCheck = 0830;
				ORGANIZATIONNAME = "Ruchin Somal";
				TargetAttributes = {
					561AD4261F698985006A350A = {
						CreatedOnToolsVersion = 8.3.3;
						ProvisioningStyle = Automatic;
					};
					561AD43A1F698985006A350A = {
						CreatedOnToolsVersion = 8.3.3;
						ProvisioningStyle = Automatic;
						TestTargetID = 561AD4261F698985006A350A;
					};
					561AD4451F698985006A350A = {
						CreatedOnToolsVersion = 8.3.3;
						ProvisioningStyle = Automatic;
						TestTargetID = 561AD4261F698985006A350A;
					};
				};
			};
			buildConfigurationList = 561AD4221F698985006A350A /* Build configuration list for PBXProject "DemoProject" */;
			compatibilityVersion = "Xcode 3.2";
			developmentRegion = English;
			hasScannedForEncodings = 0;
			knownRegions = (
				en,
				Base,
			);
			mainGroup = 561AD41E1F698985006A350A;
			productRefGroup = 561AD4281F698985006A350A /* Products */;
			projectDirPath = "";
			projectRoot = "";
			targets = (
				561AD4261F698985006A350A /* DemoProject */,
				561AD43A1F698985006A350A /* DemoProjectTests */,
				561AD4451F698985006A350A /* DemoProjectUITests */,
			);
		};
/* End PBXProject section */

/* Begin PBXResourcesBuildPhase section */
		561AD4251F698985006A350A /* Resources */ = {
			isa = PBXResourcesBuildPhase;
			buildActionMask = 2147483647;
			files = (
				561AD4351F698985006A350A /* LaunchScreen.storyboard in Resources */,
				561AD4321F698985006A350A /* Assets.xcassets in Resources */,
				561AD4301F698985006A350A /* Main.storyboard in Resources */,
			);
			runOnlyForDeploymentPostprocessing = 0;
		};
		561AD4391F698985006A350A /* Resources */ = {
			isa = PBXResourcesBuildPhase;
			buildActionMask = 2147483647;
			files = (
			);
			runOnlyForDeploymentPostprocessing = 0;
		};
		561AD4441F698985006A350A /* Resources */ = {
			isa = PBXResourcesBuildPhase;
			buildActionMask = 2147483647;
			files = (
			);
			runOnlyForDeploymentPostprocessing = 0;
		};
/* End PBXResourcesBuildPhase section */

/* Begin PBXSourcesBuildPhase section */
		561AD4231F698985006A350A /* Sources */ = {
			isa = PBXSourcesBuildPhase;
			buildActionMask = 2147483647;
			files = (
				561AD45B1F699078006A350A /* MainCollectionCell.swift in Sources */,
				561AD42D1F698985006A350A /* ViewController.swift in Sources */,
				561AD45D1F699D90006A350A /* CommonMethod.swift in Sources */,
				561AD42B1F698985006A350A /* AppDelegate.swift in Sources */,
				561AD4591F698EBC006A350A /* MainCell.swift in Sources */,
			);
			runOnlyForDeploymentPostprocessing = 0;
		};
		561AD4371F698985006A350A /* Sources */ = {
			isa = PBXSourcesBuildPhase;
			buildActionMask = 2147483647;
			files = (
				561AD4401F698985006A350A /* DemoProjectTests.swift in Sources */,
			);
			runOnlyForDeploymentPostprocessing = 0;
		};
		561AD4421F698985006A350A /* Sources */ = {
			isa = PBXSourcesBuildPhase;
			buildActionMask = 2147483647;
			files = (
				561AD44B1F698985006A350A /* DemoProjectUITests.swift in Sources */,
			);
			runOnlyForDeploymentPostprocessing = 0;
		};
/* End PBXSourcesBuildPhase section */

/* Begin PBXTargetDependency section */
		561AD43D1F698985006A350A /* PBXTargetDependency */ = {
			isa = PBXTargetDependency;
			target = 561AD4261F698985006A350A /* DemoProject */;
			targetProxy = 561AD43C1F698985006A350A /* PBXContainerItemProxy */;
		};
		561AD4481F698985006A350A /* PBXTargetDependency */ = {
			isa = PBXTargetDependency;
			target = 561AD4261F698985006A350A /* DemoProject */;
			targetProxy = 561AD4471F698985006A350A /* PBXContainerItemProxy */;
		};
/* End PBXTargetDependency section */

/* Begin PBXVariantGroup section */
		561AD42E1F698985006A350A /* Main.storyboard */ = {
			isa = PBXVariantGroup;
			children = (
				561AD42F1F698985006A350A /* Base */,
			);
			name = Main.storyboard;
			sourceTree = "<group>";
		};
		561AD4331F698985006A350A /* LaunchScreen.storyboard */ = {
			isa = PBXVariantGroup;
			children = (
				561AD4341F698985006A350A /* Base */,
			);
			name = LaunchScreen.storyboard;
			sourceTree = "<group>";
		};
/* End PBXVariantGroup section */

/* Begin XCBuildConfiguration section */
		561AD44D1F698985006A350A /* Debug */ = {
			isa = XCBuildConfiguration;
			buildSettings = {
				ALWAYS_SEARCH_USER_PATHS = NO;
				CLANG_ANALYZER_NONNULL = YES;
				CLANG_ANALYZER_NUMBER_OBJECT_CONVERSION = YES_AGGRESSIVE;
				CLANG_CXX_LANGUAGE_STANDARD = "gnu++0x";
				CLANG_CXX_LIBRARY = "libc++";
				CLANG_ENABLE_MODULES = YES;
				CLANG_ENABLE_OBJC_ARC = YES;
				CLANG_WARN_BOOL_CONVERSION = YES;
				CLANG_WARN_CONSTANT_CONVERSION = YES;
				CLANG_WARN_DIRECT_OBJC_ISA_USAGE = YES_ERROR;
				CLANG_WARN_DOCUMENTATION_COMMENTS = YES;
				CLANG_WARN_EMPTY_BODY = YES;
				CLANG_WARN_ENUM_CONVERSION = YES;
				CLANG_WARN_INFINITE_RECURSION = YES;
				CLANG_WARN_INT_CONVERSION = YES;
				CLANG_WARN_OBJC_ROOT_CLASS = YES_ERROR;
				CLANG_WARN_SUSPICIOUS_MOVE = YES;
				CLANG_WARN_UNREACHABLE_CODE = YES;
				CLANG_WARN__DUPLICATE_METHOD_MATCH = YES;
				"CODE_SIGN_IDENTITY[sdk=iphoneos*]" = "iPhone Developer";
				COPY_PHASE_STRIP = NO;
				DEBUG_INFORMATION_FORMAT = dwarf;
				ENABLE_STRICT_OBJC_MSGSEND = YES;
				ENABLE_TESTABILITY = YES;
				GCC_C_LANGUAGE_STANDARD = gnu99;
				GCC_DYNAMIC_NO_PIC = NO;
				GCC_NO_COMMON_BLOCKS = YES;
				GCC_OPTIMIZATION_LEVEL = 0;
				GCC_PREPROCESSOR_DEFINITIONS = (
					"DEBUG=1",
					"$(inherited)",
				);
				GCC_WARN_64_TO_32_BIT_CONVERSION = YES;
				GCC_WARN_ABOUT_RETURN_TYPE = YES_ERROR;
				GCC_WARN_UNDECLARED_SELECTOR = YES;
				GCC_WARN_UNINITIALIZED_AUTOS = YES_AGGRESSIVE;
				GCC_WARN_UNUSED_FUNCTION = YES;
				GCC_WARN_UNUSED_VARIABLE = YES;
				IPHONEOS_DEPLOYMENT_TARGET = 10.3;
				MTL_ENABLE_DEBUG_INFO = YES;
				ONLY_ACTIVE_ARCH = YES;
				SDKROOT = iphoneos;
				SWIFT_ACTIVE_COMPILATION_CONDITIONS = DEBUG;
				SWIFT_OPTIMIZATION_LEVEL = "-Onone";
				TARGETED_DEVICE_FAMILY = "1,2";
			};
			name = Debug;
		};
		561AD44E1F698985006A350A /* Release */ = {
			isa = XCBuildConfiguration;
			buildSettings = {
				ALWAYS_SEARCH_USER_PATHS = NO;
				CLANG_ANALYZER_NONNULL = YES;
				CLANG_ANALYZER_NUMBER_OBJECT_CONVERSION = YES_AGGRESSIVE;
				CLANG_CXX_LANGUAGE_STANDARD = "gnu++0x";
				CLANG_CXX_LIBRARY = "libc++";
				CLANG_ENABLE_MODULES = YES;
				CLANG_ENABLE_OBJC_ARC = YES;
				CLANG_WARN_BOOL_CONVERSION = YES;
				CLANG_WARN_CONSTANT_CONVERSION = YES;
				CLANG_WARN_DIRECT_OBJC_ISA_USAGE = YES_ERROR;
				CLANG_WARN_DOCUMENTATION_COMMENTS = YES;
				CLANG_WARN_EMPTY_BODY = YES;
				CLANG_WARN_ENUM_CONVERSION = YES;
				CLANG_WARN_INFINITE_RECURSION = YES;
				CLANG_WARN_INT_CONVERSION = YES;
				CLANG_WARN_OBJC_ROOT_CLASS = YES_ERROR;
				CLANG_WARN_SUSPICIOUS_MOVE = YES;
				CLANG_WARN_UNREACHABLE_CODE = YES;
				CLANG_WARN__DUPLICATE_METHOD_MATCH = YES;
				"CODE_SIGN_IDENTITY[sdk=iphoneos*]" = "iPhone Developer";
				COPY_PHASE_STRIP = NO;
				DEBUG_INFORMATION_FORMAT = "dwarf-with-dsym";
				ENABLE_NS_ASSERTIONS = NO;
				ENABLE_STRICT_OBJC_MSGSEND = YES;
				GCC_C_LANGUAGE_STANDARD = gnu99;
				GCC_NO_COMMON_BLOCKS = YES;
				GCC_WARN_64_TO_32_BIT_CONVERSION = YES;
				GCC_WARN_ABOUT_RETURN_TYPE = YES_ERROR;
				GCC_WARN_UNDECLARED_SELECTOR = YES;
				GCC_WARN_UNINITIALIZED_AUTOS = YES_AGGRESSIVE;
				GCC_WARN_UNUSED_FUNCTION = YES;
				GCC_WARN_UNUSED_VARIABLE = YES;
				IPHONEOS_DEPLOYMENT_TARGET = 10.3;
				MTL_ENABLE_DEBUG_INFO = NO;
				SDKROOT = iphoneos;
				SWIFT_OPTIMIZATION_LEVEL = "-Owholemodule";
				TARGETED_DEVICE_FAMILY = "1,2";
				VALIDATE_PRODUCT = YES;
			};
			name = Release;
		};
		561AD4501F698985006A350A /* Debug */ = {
			isa = XCBuildConfiguration;
			buildSettings = {
				ASSETCATALOG_COMPILER_APPICON_NAME = AppIcon;
				INFOPLIST_FILE = DemoProject/Info.plist;
				LD_RUNPATH_SEARCH_PATHS = "$(inherited) @executable_path/Frameworks";
				PRODUCT_BUNDLE_IDENTIFIER = com.ruchinsomal.DemoProject;
				PRODUCT_NAME = "$(TARGET_NAME)";
				SWIFT_VERSION = 3.0;
			};
			name = Debug;
		};
		561AD4511F698985006A350A /* Release */ = {
			isa = XCBuildConfiguration;
			buildSettings = {
				ASSETCATALOG_COMPILER_APPICON_NAME = AppIcon;
				INFOPLIST_FILE = DemoProject/Info.plist;
				LD_RUNPATH_SEARCH_PATHS = "$(inherited) @executable_path/Frameworks";
				PRODUCT_BUNDLE_IDENTIFIER = com.ruchinsomal.DemoProject;
				PRODUCT_NAME = "$(TARGET_NAME)";
				SWIFT_VERSION = 3.0;
			};
			name = Release;
		};
		561AD4531F698985006A350A /* Debug */ = {
			isa = XCBuildConfiguration;
			buildSettings = {
				ALWAYS_EMBED_SWIFT_STANDARD_LIBRARIES = YES;
				BUNDLE_LOADER = "$(TEST_HOST)";
				INFOPLIST_FILE = DemoProjectTests/Info.plist;
				LD_RUNPATH_SEARCH_PATHS = "$(inherited) @executable_path/Frameworks @loader_path/Frameworks";
				PRODUCT_BUNDLE_IDENTIFIER = com.ruchinsomal.DemoProjectTests;
				PRODUCT_NAME = "$(TARGET_NAME)";
				SWIFT_VERSION = 3.0;
				TEST_HOST = "$(BUILT_PRODUCTS_DIR)/DemoProject.app/DemoProject";
			};
			name = Debug;
		};
		561AD4541F698985006A350A /* Release */ = {
			isa = XCBuildConfiguration;
			buildSettings = {
				ALWAYS_EMBED_SWIFT_STANDARD_LIBRARIES = YES;
				BUNDLE_LOADER = "$(TEST_HOST)";
				INFOPLIST_FILE = DemoProjectTests/Info.plist;
				LD_RUNPATH_SEARCH_PATHS = "$(inherited) @executable_path/Frameworks @loader_path/Frameworks";
				PRODUCT_BUNDLE_IDENTIFIER = com.ruchinsomal.DemoProjectTests;
				PRODUCT_NAME = "$(TARGET_NAME)";
				SWIFT_VERSION = 3.0;
				TEST_HOST = "$(BUILT_PRODUCTS_DIR)/DemoProject.app/DemoProject";
			};
			name = Release;
		};
		561AD4561F698985006A350A /* Debug */ = {
			isa = XCBuildConfiguration;
			buildSettings = {
				ALWAYS_EMBED_SWIFT_STANDARD_LIBRARIES = YES;
				INFOPLIST_FILE = DemoProjectUITests/Info.plist;
				LD_RUNPATH_SEARCH_PATHS = "$(inherited) @executable_path/Frameworks @loader_path/Frameworks";
				PRODUCT_BUNDLE_IDENTIFIER = com.ruchinsomal.DemoProjectUITests;
				PRODUCT_NAME = "$(TARGET_NAME)";
				SWIFT_VERSION = 3.0;
				TEST_TARGET_NAME = DemoProject;
			};
			name = Debug;
		};
		561AD4571F698985006A350A /* Release */ = {
			isa = XCBuildConfiguration;
			buildSettings = {
				ALWAYS_EMBED_SWIFT_STANDARD_LIBRARIES = YES;
				INFOPLIST_FILE = DemoProjectUITests/Info.plist;
				LD_RUNPATH_SEARCH_PATHS = "$(inherited) @executable_path/Frameworks @loader_path/Frameworks";
				PRODUCT_BUNDLE_IDENTIFIER = com.ruchinsomal.DemoProjectUITests;
				PRODUCT_NAME = "$(TARGET_NAME)";
				SWIFT_VERSION = 3.0;
				TEST_TARGET_NAME = DemoProject;
			};
			name = Release;
		};
/* End XCBuildConfiguration section */

/* Begin XCConfigurationList section */
		561AD4221F698985006A350A /* Build configuration list for PBXProject "DemoProject" */ = {
			isa = XCConfigurationList;
			buildConfigurations = (
				561AD44D1F698985006A350A /* Debug */,
				561AD44E1F698985006A350A /* Release */,
			);
			defaultConfigurationIsVisible = 0;
			defaultConfigurationName = Release;
		};
		561AD44F1F698985006A350A /* Build configuration list for PBXNativeTarget "DemoProject" */ = {
			isa = XCConfigurationList;
			buildConfigurations = (
				561AD4501F698985006A350A /* Debug */,
				561AD4511F698985006A350A /* Release */,
			);
			defaultConfigurationIsVisible = 0;
		};
		561AD4521F698985006A350A /* Build configuration list for PBXNativeTarget "DemoProjectTests" */ = {
			isa = XCConfigurationList;
			buildConfigurations = (
				561AD4531F698985006A350A /* Debug */,
				561AD4541F698985006A350A /* Release */,
			);
			defaultConfigurationIsVisible = 0;
		};
		561AD4551F698985006A350A /* Build configuration list for PBXNativeTarget "DemoProjectUITests" */ = {
			isa = XCConfigurationList;
			buildConfigurations = (
				561AD4561F698985006A350A /* Debug */,
				561AD4571F698985006A350A /* Release */,
			);
			defaultConfigurationIsVisible = 0;
		};
/* End XCConfigurationList section */
	};
	rootObject = 561AD41F1F698985006A350A /* Project object */;
}
